<?xml version="1.0" encoding="utf-8"?>
<Project ToolsVersion="4.0" xmlns="http://schemas.microsoft.com/developer/msbuild/2003">
  <ItemGroup>
    <Filter Include="Source Files">
      <UniqueIdentifier>{4FC737F1-C7A5-4376-A066-2A32D752A2FF}</UniqueIdentifier>
      <Extensions>cpp;c;cc;cxx;def;odl;idl;hpj;bat;asm;asmx</Extensions>
    </Filter>
    <Filter Include="Header Files">
      <UniqueIdentifier>{93995380-89BD-4b04-88EB-625FBE52EBFB}</UniqueIdentifier>
      <Extensions>h;hh;hpp;hxx;hm;inl;inc;xsd</Extensions>
    </Filter>
    <Filter Include="Resource Files">
      <UniqueIdentifier>{D9D6E242-F8AF-46E4-B9FD-80ECBC20BA3E}</UniqueIdentifier>
      <Extensions>qrc;*</Extensions>
      <ParseFiles>false</ParseFiles>
    </Filter>
    <Filter Include="Form Files">
      <UniqueIdentifier>{99349809-55BA-4b9d-BF79-8FDBB0286EB3}</UniqueIdentifier>
      <Extensions>ui</Extensions>
    </Filter>
    <Filter Include="Resource Files">
      <UniqueIdentifier>{D9D6E242-F8AF-46E4-B9FD-80ECBC20BA3E}</UniqueIdentifier>
      <Extensions>qrc;*</Extensions>
      <ParseFiles>false</ParseFiles>
    </Filter>
    <Filter Include="Generated Files">
      <UniqueIdentifier>{71ED8ED8-ACB9-4CE9-BBE1-E00B30144E11}</UniqueIdentifier>
      <Extensions>moc;h;cpp</Extensions>
      <SourceControlFiles>False</SourceControlFiles>
    </Filter>
    <Filter Include="Generated Files\Debug">
      <UniqueIdentifier>{095db526-7907-4aee-bb68-f8d39c3f7008}</UniqueIdentifier>
      <Extensions>cpp;moc</Extensions>
      <SourceControlFiles>False</SourceControlFiles>
    </Filter>
    <Filter Include="Generated Files\Release">
      <UniqueIdentifier>{c3525b00-d243-4f41-8ec7-57d574f7bdf7}</UniqueIdentifier>
      <Extensions>cpp;moc</Extensions>
      <SourceControlFiles>False</SourceControlFiles>
    </Filter>
    <Filter Include="myos">
      <UniqueIdentifier>{0d7b139d-feba-49de-be93-e4a6e20a5cbb}</UniqueIdentifier>
    </Filter>
    <Filter Include="myqt">
      <UniqueIdentifier>{d5a86126-9ea3-4878-94d3-1166b7530454}</UniqueIdentifier>
    </Filter>
  </ItemGroup>
  <ItemGroup>
    <ClCompile Include="main.cpp">
      <Filter>Source Files</Filter>
    </ClCompile>
    <ClCompile Include="TTest11_10AScreenCapture.cpp">
      <Filter>Source Files</Filter>
    </ClCompile>
    <ClCompile Include="GeneratedFiles\Debug\moc_TTest11_10AScreenCapture.cpp">
      <Filter>Generated Files\Debug</Filter>
    </ClCompile>
    <ClCompile Include="GeneratedFiles\Release\moc_TTest11_10AScreenCapture.cpp">
      <Filter>Generated Files\Release</Filter>
    </ClCompile>
    <ClCompile Include="GeneratedFiles\qrc_TTest11_10AScreenCapture.cpp">
      <Filter>Generated Files</Filter>
    </ClCompile>
    <ClCompile Include="Cd_Win32.cpp">
      <Filter>myos</Filter>
    </ClCompile>
    <ClCompile Include="GeneratedFiles\Debug\moc_MyPicture.cpp">
      <Filter>Generated Files\Debug</Filter>
    </ClCompile>
    <ClCompile Include="GeneratedFiles\Release\moc_MyPicture.cpp">
      <Filter>Generated Files\Release</Filter>
    </ClCompile>
    <ClCompile Include="MyPicture.cpp">
      <Filter>myqt</Filter>
    </ClCompile>
    <ClCompile Include="GeneratedFiles\Debug\moc_MyRegionSelector.cpp">
      <Filter>Generated Files\Debug</Filter>
    </ClCompile>
    <ClCompile Include="GeneratedFiles\Release\moc_MyRegionSelector.cpp">
      <Filter>Generated Files\Release</Filter>
    </ClCompile>
    <ClCompile Include="MyRegionSelector.cpp">
      <Filter>myqt</Filter>
    </ClCompile>
  </ItemGroup>
  <ItemGroup>
    <CustomBuild Include="TTest11_10AScreenCapture.h">
      <Filter>Header Files</Filter>
    </CustomBuild>
    <CustomBuild Include="TTest11_10AScreenCapture.ui">
      <Filter>Form Files</Filter>
    </CustomBuild>
    <CustomBuild Include="TTest11_10AScreenCapture.qrc">
      <Filter>Resource Files</Filter>
    </CustomBuild>
    <CustomBuild Include="MyPicture.h">
      <Filter>myqt</Filter>
    </CustomBuild>
    <CustomBuild Include="MyRegionSelector.h">
      <Filter>myqt</Filter>
    </CustomBuild>
  </ItemGroup>
  <ItemGroup>
    <ClInclude Include="GeneratedFiles\ui_TTest11_10AScreenCapture.h">
      <Filter>Generated Files</Filter>
    </ClInclude>
    <ClInclude Include="MyCd.h">
      <Filter>myos</Filter>
    </ClInclude>
    <ClInclude Include="MyScaler.h">
      <Filter>myqt</Filter>
    </ClInclude>
  </ItemGroup>
</Project>